// !$*UTF8*$!
{
	archiveVersion = 1;
	classes = {
	};
	objectVersion = 50;
	objects = {

/* Begin PBXBuildFile section */
		BB08179321315D8100551918 /* AppDelegate.swift in Sources */ = {isa = PBXBuildFile; fileRef = BB08179221315D8100551918 /* AppDelegate.swift */; };
		BB08179A21315D8500551918 /* Assets.xcassets in Resources */ = {isa = PBXBuildFile; fileRef = BB08179921315D8500551918 /* Assets.xcassets */; };
		BB0817A5213160CA00551918 /* Launch Screen.storyboard in Resources */ = {isa = PBXBuildFile; fileRef = BB0817A4213160CA00551918 /* Launch Screen.storyboard */; };
		BB0817B52131644E00551918 /* Localizable.strings in Resources */ = {isa = PBXBuildFile; fileRef = BB0817B72131644E00551918 /* Localizable.strings */; };
		BB0817BE213165CF00551918 /* ViewModelProtocol.swift in Sources */ = {isa = PBXBuildFile; fileRef = BB0817B9213165CE00551918 /* ViewModelProtocol.swift */; };
		BB0817BF213165CF00551918 /* ViewModelServicesDelegate.swift in Sources */ = {isa = PBXBuildFile; fileRef = BB0817BA213165CE00551918 /* ViewModelServicesDelegate.swift */; };
		BB0817C0213165CF00551918 /* ReposServiceProtocol.swift in Sources */ = {isa = PBXBuildFile; fileRef = BB0817BB213165CF00551918 /* ReposServiceProtocol.swift */; };
		BB0817C1213165CF00551918 /* NavigationProtocol.swift in Sources */ = {isa = PBXBuildFile; fileRef = BB0817BC213165CF00551918 /* NavigationProtocol.swift */; };
		BB0817C2213165CF00551918 /* ViewModelServicesProtocol.swift in Sources */ = {isa = PBXBuildFile; fileRef = BB0817BD213165CF00551918 /* ViewModelServicesProtocol.swift */; };
		BB0817C42131663700551918 /* Repo.swift in Sources */ = {isa = PBXBuildFile; fileRef = BB0817C32131663700551918 /* Repo.swift */; };
		BB0817CE213166AE00551918 /* ReactiveViewController.swift in Sources */ = {isa = PBXBuildFile; fileRef = BB0817CB213166AE00551918 /* ReactiveViewController.swift */; };
		BB0817CF213166AE00551918 /* ViewModel.swift in Sources */ = {isa = PBXBuildFile; fileRef = BB0817CC213166AE00551918 /* ViewModel.swift */; };
		BB0817D0213166AE00551918 /* ReactiveTableViewCell.swift in Sources */ = {isa = PBXBuildFile; fileRef = BB0817CD213166AE00551918 /* ReactiveTableViewCell.swift */; };
		BB0817F02131690400551918 /* Constants.swift in Sources */ = {isa = PBXBuildFile; fileRef = BB0817EF2131690400551918 /* Constants.swift */; };
		BB0817F22131693A00551918 /* String+Extension.swift in Sources */ = {isa = PBXBuildFile; fileRef = BB0817F12131693A00551918 /* String+Extension.swift */; };
		BB0817F42131695200551918 /* Data+Extension.swift in Sources */ = {isa = PBXBuildFile; fileRef = BB0817F32131695200551918 /* Data+Extension.swift */; };
		BB0817F62131696900551918 /* URLRequest+Extension.swift in Sources */ = {isa = PBXBuildFile; fileRef = BB0817F52131696900551918 /* URLRequest+Extension.swift */; };
		BB0817F82131698900551918 /* UIView+Extension.swift in Sources */ = {isa = PBXBuildFile; fileRef = BB0817F72131698900551918 /* UIView+Extension.swift */; };
		BB0817FA213169A800551918 /* UILabel+Extension.swift in Sources */ = {isa = PBXBuildFile; fileRef = BB0817F9213169A800551918 /* UILabel+Extension.swift */; };
		BB0817FC213169C200551918 /* UIActivityIndicatorView+Extension.swift in Sources */ = {isa = PBXBuildFile; fileRef = BB0817FB213169C200551918 /* UIActivityIndicatorView+Extension.swift */; };
		BB0817FE213169F200551918 /* UIImageView+Extension.swift in Sources */ = {isa = PBXBuildFile; fileRef = BB0817FD213169F200551918 /* UIImageView+Extension.swift */; };
		BB08180021316A1B00551918 /* UITextView+Extension.swift in Sources */ = {isa = PBXBuildFile; fileRef = BB0817FF21316A1B00551918 /* UITextView+Extension.swift */; };
		BB08180221316A4A00551918 /* UISearchBar+Extension.swift in Sources */ = {isa = PBXBuildFile; fileRef = BB08180121316A4A00551918 /* UISearchBar+Extension.swift */; };
		CB1530C855E738F19754AAD7 /* Pods_GithubSearch.framework in Frameworks */ = {isa = PBXBuildFile; fileRef = 797E6C9C48F38310FAB6FAF3 /* Pods_GithubSearch.framework */; };
/* End PBXBuildFile section */

/* Begin PBXFileReference section */
		7931B17B26AD2BCC8B46C9A7 /* Pods-GithubSearch.release.xcconfig */ = {isa = PBXFileReference; includeInIndex = 1; lastKnownFileType = text.xcconfig; name = "Pods-GithubSearch.release.xcconfig"; path = "Pods/Target Support Files/Pods-GithubSearch/Pods-GithubSearch.release.xcconfig"; sourceTree = "<group>"; };
		797E6C9C48F38310FAB6FAF3 /* Pods_GithubSearch.framework */ = {isa = PBXFileReference; explicitFileType = wrapper.framework; includeInIndex = 0; path = Pods_GithubSearch.framework; sourceTree = BUILT_PRODUCTS_DIR; };
		82B686ACD6067415D0552927 /* Pods-GithubSearch.debug.xcconfig */ = {isa = PBXFileReference; includeInIndex = 1; lastKnownFileType = text.xcconfig; name = "Pods-GithubSearch.debug.xcconfig"; path = "Pods/Target Support Files/Pods-GithubSearch/Pods-GithubSearch.debug.xcconfig"; sourceTree = "<group>"; };
		BB08178F21315D8100551918 /* GithubSearch.app */ = {isa = PBXFileReference; explicitFileType = wrapper.application; includeInIndex = 0; path = GithubSearch.app; sourceTree = BUILT_PRODUCTS_DIR; };
		BB08179221315D8100551918 /* AppDelegate.swift */ = {isa = PBXFileReference; lastKnownFileType = sourcecode.swift; path = AppDelegate.swift; sourceTree = "<group>"; };
		BB08179921315D8500551918 /* Assets.xcassets */ = {isa = PBXFileReference; lastKnownFileType = folder.assetcatalog; path = Assets.xcassets; sourceTree = "<group>"; };
		BB08179E21315D8500551918 /* Info.plist */ = {isa = PBXFileReference; lastKnownFileType = text.plist.xml; path = Info.plist; sourceTree = "<group>"; };
		BB0817A4213160CA00551918 /* Launch Screen.storyboard */ = {isa = PBXFileReference; lastKnownFileType = file.storyboard; path = "Launch Screen.storyboard"; sourceTree = "<group>"; };
		BB0817B62131644E00551918 /* en */ = {isa = PBXFileReference; lastKnownFileType = text.plist.strings; name = en; path = en.lproj/Localizable.strings; sourceTree = "<group>"; };
		BB0817B82131645700551918 /* es */ = {isa = PBXFileReference; lastKnownFileType = text.plist.strings; name = es; path = es.lproj/Localizable.strings; sourceTree = "<group>"; };
		BB0817B9213165CE00551918 /* ViewModelProtocol.swift */ = {isa = PBXFileReference; fileEncoding = 4; lastKnownFileType = sourcecode.swift; path = ViewModelProtocol.swift; sourceTree = "<group>"; };
		BB0817BA213165CE00551918 /* ViewModelServicesDelegate.swift */ = {isa = PBXFileReference; fileEncoding = 4; lastKnownFileType = sourcecode.swift; path = ViewModelServicesDelegate.swift; sourceTree = "<group>"; };
		BB0817BB213165CF00551918 /* ReposServiceProtocol.swift */ = {isa = PBXFileReference; fileEncoding = 4; lastKnownFileType = sourcecode.swift; path = ReposServiceProtocol.swift; sourceTree = "<group>"; };
		BB0817BC213165CF00551918 /* NavigationProtocol.swift */ = {isa = PBXFileReference; fileEncoding = 4; lastKnownFileType = sourcecode.swift; path = NavigationProtocol.swift; sourceTree = "<group>"; };
		BB0817BD213165CF00551918 /* ViewModelServicesProtocol.swift */ = {isa = PBXFileReference; fileEncoding = 4; lastKnownFileType = sourcecode.swift; path = ViewModelServicesProtocol.swift; sourceTree = "<group>"; };
		BB0817C32131663700551918 /* Repo.swift */ = {isa = PBXFileReference; fileEncoding = 4; lastKnownFileType = sourcecode.swift; path = Repo.swift; sourceTree = "<group>"; };
		BB0817CB213166AE00551918 /* ReactiveViewController.swift */ = {isa = PBXFileReference; fileEncoding = 4; lastKnownFileType = sourcecode.swift; path = ReactiveViewController.swift; sourceTree = "<group>"; };
		BB0817CC213166AE00551918 /* ViewModel.swift */ = {isa = PBXFileReference; fileEncoding = 4; lastKnownFileType = sourcecode.swift; path = ViewModel.swift; sourceTree = "<group>"; };
		BB0817CD213166AE00551918 /* ReactiveTableViewCell.swift */ = {isa = PBXFileReference; fileEncoding = 4; lastKnownFileType = sourcecode.swift; path = ReactiveTableViewCell.swift; sourceTree = "<group>"; };
		BB0817EF2131690400551918 /* Constants.swift */ = {isa = PBXFileReference; fileEncoding = 4; lastKnownFileType = sourcecode.swift; path = Constants.swift; sourceTree = "<group>"; };
		BB0817F12131693A00551918 /* String+Extension.swift */ = {isa = PBXFileReference; fileEncoding = 4; lastKnownFileType = sourcecode.swift; path = "String+Extension.swift"; sourceTree = "<group>"; };
		BB0817F32131695200551918 /* Data+Extension.swift */ = {isa = PBXFileReference; fileEncoding = 4; lastKnownFileType = sourcecode.swift; path = "Data+Extension.swift"; sourceTree = "<group>"; };
		BB0817F52131696900551918 /* URLRequest+Extension.swift */ = {isa = PBXFileReference; fileEncoding = 4; lastKnownFileType = sourcecode.swift; path = "URLRequest+Extension.swift"; sourceTree = "<group>"; };
		BB0817F72131698900551918 /* UIView+Extension.swift */ = {isa = PBXFileReference; fileEncoding = 4; lastKnownFileType = sourcecode.swift; path = "UIView+Extension.swift"; sourceTree = "<group>"; };
		BB0817F9213169A800551918 /* UILabel+Extension.swift */ = {isa = PBXFileReference; fileEncoding = 4; lastKnownFileType = sourcecode.swift; path = "UILabel+Extension.swift"; sourceTree = "<group>"; };
		BB0817FB213169C200551918 /* UIActivityIndicatorView+Extension.swift */ = {isa = PBXFileReference; fileEncoding = 4; lastKnownFileType = sourcecode.swift; path = "UIActivityIndicatorView+Extension.swift"; sourceTree = "<group>"; };
		BB0817FD213169F200551918 /* UIImageView+Extension.swift */ = {isa = PBXFileReference; fileEncoding = 4; lastKnownFileType = sourcecode.swift; path = "UIImageView+Extension.swift"; sourceTree = "<group>"; };
		BB0817FF21316A1B00551918 /* UITextView+Extension.swift */ = {isa = PBXFileReference; fileEncoding = 4; lastKnownFileType = sourcecode.swift; path = "UITextView+Extension.swift"; sourceTree = "<group>"; };
		BB08180121316A4A00551918 /* UISearchBar+Extension.swift */ = {isa = PBXFileReference; fileEncoding = 4; lastKnownFileType = sourcecode.swift; path = "UISearchBar+Extension.swift"; sourceTree = "<group>"; };
/* End PBXFileReference section */

/* Begin PBXFrameworksBuildPhase section */
		BB08178C21315D8100551918 /* Frameworks */ = {
			isa = PBXFrameworksBuildPhase;
			buildActionMask = 2147483647;
			files = (
				CB1530C855E738F19754AAD7 /* Pods_GithubSearch.framework in Frameworks */,
			);
			runOnlyForDeploymentPostprocessing = 0;
		};
/* End PBXFrameworksBuildPhase section */

/* Begin PBXGroup section */
		7FE8D8E8B8954BD26B668F65 /* Pods */ = {
			isa = PBXGroup;
			children = (
				82B686ACD6067415D0552927 /* Pods-GithubSearch.debug.xcconfig */,
				7931B17B26AD2BCC8B46C9A7 /* Pods-GithubSearch.release.xcconfig */,
			);
			name = Pods;
			sourceTree = "<group>";
		};
		983272B3F1CEE2B8A526BCA7 /* Frameworks */ = {
			isa = PBXGroup;
			children = (
				797E6C9C48F38310FAB6FAF3 /* Pods_GithubSearch.framework */,
			);
			name = Frameworks;
			sourceTree = "<group>";
		};
		BB08178621315D8100551918 = {
			isa = PBXGroup;
			children = (
				BB08179121315D8100551918 /* GithubSearch */,
				BB08179021315D8100551918 /* Products */,
				7FE8D8E8B8954BD26B668F65 /* Pods */,
				983272B3F1CEE2B8A526BCA7 /* Frameworks */,
			);
			sourceTree = "<group>";
		};
		BB08179021315D8100551918 /* Products */ = {
			isa = PBXGroup;
			children = (
				BB08178F21315D8100551918 /* GithubSearch.app */,
			);
			name = Products;
			sourceTree = "<group>";
		};
		BB08179121315D8100551918 /* GithubSearch */ = {
			isa = PBXGroup;
			children = (
				BB0817A72131620D00551918 /* App */,
				BB0817A82131621700551918 /* UI */,
				BB0817AF2131625A00551918 /* Base */,
				BB0817AC2131623F00551918 /* ViewModels */,
				BB0817AD2131624800551918 /* Models */,
				BB0817AE2131625000551918 /* Services */,
				BB0817A6213161FF00551918 /* Extensions */,
				BB0817B02131626200551918 /* Protocols */,
			);
			path = GithubSearch;
			sourceTree = "<group>";
		};
		BB0817A6213161FF00551918 /* Extensions */ = {
			isa = PBXGroup;
			children = (
				BB0817F12131693A00551918 /* String+Extension.swift */,
				BB0817F32131695200551918 /* Data+Extension.swift */,
				BB0817F52131696900551918 /* URLRequest+Extension.swift */,
				BB0817F72131698900551918 /* UIView+Extension.swift */,
				BB0817F9213169A800551918 /* UILabel+Extension.swift */,
				BB0817FB213169C200551918 /* UIActivityIndicatorView+Extension.swift */,
				BB0817FD213169F200551918 /* UIImageView+Extension.swift */,
				BB0817FF21316A1B00551918 /* UITextView+Extension.swift */,
				BB08180121316A4A00551918 /* UISearchBar+Extension.swift */,
			);
			path = Extensions;
			sourceTree = "<group>";
		};
		BB0817A72131620D00551918 /* App */ = {
			isa = PBXGroup;
			children = (
				BB08179E21315D8500551918 /* Info.plist */,
				BB0817B72131644E00551918 /* Localizable.strings */,
				BB08179221315D8100551918 /* AppDelegate.swift */,
				BB0817EF2131690400551918 /* Constants.swift */,
			);
			path = App;
			sourceTree = "<group>";
		};
		BB0817A82131621700551918 /* UI */ = {
			isa = PBXGroup;
			children = (
				BB08179921315D8500551918 /* Assets.xcassets */,
				BB0817A4213160CA00551918 /* Launch Screen.storyboard */,
				BB0817AA2131622A00551918 /* Controllers */,
				BB0817A92131622100551918 /* Views */,
				BB0817AB2131623400551918 /* Cells */,
			);
			path = UI;
			sourceTree = "<group>";
		};
		BB0817A92131622100551918 /* Views */ = {
			isa = PBXGroup;
			children = (
			);
			path = Views;
			sourceTree = "<group>";
		};
		BB0817AA2131622A00551918 /* Controllers */ = {
			isa = PBXGroup;
			children = (
			);
			path = Controllers;
			sourceTree = "<group>";
		};
		BB0817AB2131623400551918 /* Cells */ = {
			isa = PBXGroup;
			children = (
			);
			path = Cells;
			sourceTree = "<group>";
		};
		BB0817AC2131623F00551918 /* ViewModels */ = {
			isa = PBXGroup;
			children = (
			);
			path = ViewModels;
			sourceTree = "<group>";
		};
		BB0817AD2131624800551918 /* Models */ = {
			isa = PBXGroup;
			children = (
				BB0817C32131663700551918 /* Repo.swift */,
			);
			path = Models;
			sourceTree = "<group>";
		};
		BB0817AE2131625000551918 /* Services */ = {
			isa = PBXGroup;
			children = (
			);
			path = Services;
			sourceTree = "<group>";
		};
		BB0817AF2131625A00551918 /* Base */ = {
			isa = PBXGroup;
			children = (
				BB0817CD213166AE00551918 /* ReactiveTableViewCell.swift */,
				BB0817CB213166AE00551918 /* ReactiveViewController.swift */,
				BB0817CC213166AE00551918 /* ViewModel.swift */,
			);
			path = Base;
			sourceTree = "<group>";
		};
		BB0817B02131626200551918 /* Protocols */ = {
			isa = PBXGroup;
			children = (
				BB0817BC213165CF00551918 /* NavigationProtocol.swift */,
				BB0817BB213165CF00551918 /* ReposServiceProtocol.swift */,
				BB0817B9213165CE00551918 /* ViewModelProtocol.swift */,
				BB0817BA213165CE00551918 /* ViewModelServicesDelegate.swift */,
				BB0817BD213165CF00551918 /* ViewModelServicesProtocol.swift */,
			);
			path = Protocols;
			sourceTree = "<group>";
		};
/* End PBXGroup section */

/* Begin PBXNativeTarget section */
		BB08178E21315D8100551918 /* GithubSearch */ = {
			isa = PBXNativeTarget;
			buildConfigurationList = BB0817A121315D8500551918 /* Build configuration list for PBXNativeTarget "GithubSearch" */;
			buildPhases = (
				D6C425938064998530C26CFD /* [CP] Check Pods Manifest.lock */,
				BB08178B21315D8100551918 /* Sources */,
				BB08178C21315D8100551918 /* Frameworks */,
				BB08178D21315D8100551918 /* Resources */,
				25218E3A6061F1D8BE5A367E /* [CP] Embed Pods Frameworks */,
			);
			buildRules = (
			);
			dependencies = (
			);
			name = GithubSearch;
			productName = GithubSearch;
			productReference = BB08178F21315D8100551918 /* GithubSearch.app */;
			productType = "com.apple.product-type.application";
		};
/* End PBXNativeTarget section */

/* Begin PBXProject section */
		BB08178721315D8100551918 /* Project object */ = {
			isa = PBXProject;
			attributes = {
				LastSwiftUpdateCheck = 0940;
				LastUpgradeCheck = 0940;
				ORGANIZATIONNAME = Genry;
				TargetAttributes = {
					BB08178E21315D8100551918 = {
						CreatedOnToolsVersion = 9.4.1;
					};
				};
			};
			buildConfigurationList = BB08178A21315D8100551918 /* Build configuration list for PBXProject "GithubSearch" */;
			compatibilityVersion = "Xcode 9.3";
			developmentRegion = en;
			hasScannedForEncodings = 0;
			knownRegions = (
				en,
				Base,
				es,
			);
			mainGroup = BB08178621315D8100551918;
			productRefGroup = BB08179021315D8100551918 /* Products */;
			projectDirPath = "";
			projectRoot = "";
			targets = (
				BB08178E21315D8100551918 /* GithubSearch */,
			);
		};
/* End PBXProject section */

/* Begin PBXResourcesBuildPhase section */
		BB08178D21315D8100551918 /* Resources */ = {
			isa = PBXResourcesBuildPhase;
			buildActionMask = 2147483647;
			files = (
				BB0817A5213160CA00551918 /* Launch Screen.storyboard in Resources */,
				BB0817B52131644E00551918 /* Localizable.strings in Resources */,
				BB08179A21315D8500551918 /* Assets.xcassets in Resources */,
			);
			runOnlyForDeploymentPostprocessing = 0;
		};
/* End PBXResourcesBuildPhase section */

/* Begin PBXShellScriptBuildPhase section */
		25218E3A6061F1D8BE5A367E /* [CP] Embed Pods Frameworks */ = {
			isa = PBXShellScriptBuildPhase;
			buildActionMask = 2147483647;
			files = (
			);
			inputPaths = (
				"${SRCROOT}/Pods/Target Support Files/Pods-GithubSearch/Pods-GithubSearch-frameworks.sh",
				"${BUILT_PRODUCTS_DIR}/BadgeSegmentControl/BadgeSegmentControl.framework",
				"${BUILT_PRODUCTS_DIR}/BadgeSwift/BadgeSwift.framework",
				"${BUILT_PRODUCTS_DIR}/ReactiveCocoa/ReactiveCocoa.framework",
				"${BUILT_PRODUCTS_DIR}/ReactiveSwift/ReactiveSwift.framework",
				"${BUILT_PRODUCTS_DIR}/Result/Result.framework",
				"${BUILT_PRODUCTS_DIR}/SnapKit/SnapKit.framework",
				"${BUILT_PRODUCTS_DIR}/UIColor_Hex_Swift/UIColor_Hex_Swift.framework",
				"${BUILT_PRODUCTS_DIR}/ionicons/ionicons.framework",
			);
			name = "[CP] Embed Pods Frameworks";
			outputPaths = (
				"${TARGET_BUILD_DIR}/${FRAMEWORKS_FOLDER_PATH}/BadgeSegmentControl.framework",
				"${TARGET_BUILD_DIR}/${FRAMEWORKS_FOLDER_PATH}/BadgeSwift.framework",
				"${TARGET_BUILD_DIR}/${FRAMEWORKS_FOLDER_PATH}/ReactiveCocoa.framework",
				"${TARGET_BUILD_DIR}/${FRAMEWORKS_FOLDER_PATH}/ReactiveSwift.framework",
				"${TARGET_BUILD_DIR}/${FRAMEWORKS_FOLDER_PATH}/Result.framework",
				"${TARGET_BUILD_DIR}/${FRAMEWORKS_FOLDER_PATH}/SnapKit.framework",
				"${TARGET_BUILD_DIR}/${FRAMEWORKS_FOLDER_PATH}/UIColor_Hex_Swift.framework",
				"${TARGET_BUILD_DIR}/${FRAMEWORKS_FOLDER_PATH}/ionicons.framework",
			);
			runOnlyForDeploymentPostprocessing = 0;
			shellPath = /bin/sh;
			shellScript = "\"${SRCROOT}/Pods/Target Support Files/Pods-GithubSearch/Pods-GithubSearch-frameworks.sh\"\n";
			showEnvVarsInLog = 0;
		};
		D6C425938064998530C26CFD /* [CP] Check Pods Manifest.lock */ = {
			isa = PBXShellScriptBuildPhase;
			buildActionMask = 2147483647;
			files = (
			);
			inputPaths = (
				"${PODS_PODFILE_DIR_PATH}/Podfile.lock",
				"${PODS_ROOT}/Manifest.lock",
			);
			name = "[CP] Check Pods Manifest.lock";
			outputPaths = (
				"$(DERIVED_FILE_DIR)/Pods-GithubSearch-checkManifestLockResult.txt",
			);
			runOnlyForDeploymentPostprocessing = 0;
			shellPath = /bin/sh;
			shellScript = "diff \"${PODS_PODFILE_DIR_PATH}/Podfile.lock\" \"${PODS_ROOT}/Manifest.lock\" > /dev/null\nif [ $? != 0 ] ; then\n    # print error to STDERR\n    echo \"error: The sandbox is not in sync with the Podfile.lock. Run 'pod install' or update your CocoaPods installation.\" >&2\n    exit 1\nfi\n# This output is used by Xcode 'outputs' to avoid re-running this script phase.\necho \"SUCCESS\" > \"${SCRIPT_OUTPUT_FILE_0}\"\n";
			showEnvVarsInLog = 0;
		};
/* End PBXShellScriptBuildPhase section */

/* Begin PBXSourcesBuildPhase section */
		BB08178B21315D8100551918 /* Sources */ = {
			isa = PBXSourcesBuildPhase;
			buildActionMask = 2147483647;
			files = (
				BB0817F42131695200551918 /* Data+Extension.swift in Sources */,
				BB0817F62131696900551918 /* URLRequest+Extension.swift in Sources */,
				BB0817C42131663700551918 /* Repo.swift in Sources */,
				BB0817F82131698900551918 /* UIView+Extension.swift in Sources */,
				BB0817F02131690400551918 /* Constants.swift in Sources */,
				BB0817CF213166AE00551918 /* ViewModel.swift in Sources */,
				BB08180021316A1B00551918 /* UITextView+Extension.swift in Sources */,
				BB0817CE213166AE00551918 /* ReactiveViewController.swift in Sources */,
				BB0817F22131693A00551918 /* String+Extension.swift in Sources */,
				BB0817FA213169A800551918 /* UILabel+Extension.swift in Sources */,
				BB0817C2213165CF00551918 /* ViewModelServicesProtocol.swift in Sources */,
				BB08180221316A4A00551918 /* UISearchBar+Extension.swift in Sources */,
				BB0817FC213169C200551918 /* UIActivityIndicatorView+Extension.swift in Sources */,
				BB0817D0213166AE00551918 /* ReactiveTableViewCell.swift in Sources */,
				BB0817FE213169F200551918 /* UIImageView+Extension.swift in Sources */,
				BB0817BF213165CF00551918 /* ViewModelServicesDelegate.swift in Sources */,
				BB0817C0213165CF00551918 /* ReposServiceProtocol.swift in Sources */,
				BB0817BE213165CF00551918 /* ViewModelProtocol.swift in Sources */,
				BB08179321315D8100551918 /* AppDelegate.swift in Sources */,
				BB0817C1213165CF00551918 /* NavigationProtocol.swift in Sources */,
			);
			runOnlyForDeploymentPostprocessing = 0;
		};
/* End PBXSourcesBuildPhase section */

/* Begin PBXVariantGroup section */
		BB0817B72131644E00551918 /* Localizable.strings */ = {
			isa = PBXVariantGroup;
			children = (
				BB0817B62131644E00551918 /* en */,
				BB0817B82131645700551918 /* es */,
			);
			name = Localizable.strings;
			sourceTree = "<group>";
		};
/* End PBXVariantGroup section */

/* Begin XCBuildConfiguration section */
		BB08179F21315D8500551918 /* Debug */ = {
			isa = XCBuildConfiguration;
			buildSettings = {
				ALWAYS_SEARCH_USER_PATHS = NO;
				CLANG_ANALYZER_LOCALIZABILITY_NONLOCALIZED = YES;
				CLANG_ANALYZER_NONNULL = YES;
				CLANG_ANALYZER_NUMBER_OBJECT_CONVERSION = YES_AGGRESSIVE;
				CLANG_CXX_LANGUAGE_STANDARD = "gnu++14";
				CLANG_CXX_LIBRARY = "libc++";
				CLANG_ENABLE_MODULES = YES;
				CLANG_ENABLE_OBJC_ARC = YES;
				CLANG_ENABLE_OBJC_WEAK = YES;
				CLANG_WARN_BLOCK_CAPTURE_AUTORELEASING = YES;
				CLANG_WARN_BOOL_CONVERSION = YES;
				CLANG_WARN_COMMA = YES;
				CLANG_WARN_CONSTANT_CONVERSION = YES;
				CLANG_WARN_DEPRECATED_OBJC_IMPLEMENTATIONS = YES;
				CLANG_WARN_DIRECT_OBJC_ISA_USAGE = YES_ERROR;
				CLANG_WARN_DOCUMENTATION_COMMENTS = YES;
				CLANG_WARN_EMPTY_BODY = YES;
				CLANG_WARN_ENUM_CONVERSION = YES;
				CLANG_WARN_INFINITE_RECURSION = YES;
				CLANG_WARN_INT_CONVERSION = YES;
				CLANG_WARN_NON_LITERAL_NULL_CONVERSION = YES;
				CLANG_WARN_OBJC_IMPLICIT_RETAIN_SELF = YES;
				CLANG_WARN_OBJC_LITERAL_CONVERSION = YES;
				CLANG_WARN_OBJC_ROOT_CLASS = YES_ERROR;
				CLANG_WARN_RANGE_LOOP_ANALYSIS = YES;
				CLANG_WARN_STRICT_PROTOTYPES = YES;
				CLANG_WARN_SUSPICIOUS_MOVE = YES;
				CLANG_WARN_UNGUARDED_AVAILABILITY = YES_AGGRESSIVE;
				CLANG_WARN_UNREACHABLE_CODE = YES;
				CLANG_WARN__DUPLICATE_METHOD_MATCH = YES;
				CODE_SIGN_IDENTITY = "iPhone Developer";
				COPY_PHASE_STRIP = NO;
				DEBUG_INFORMATION_FORMAT = dwarf;
				ENABLE_STRICT_OBJC_MSGSEND = YES;
				ENABLE_TESTABILITY = YES;
				GCC_C_LANGUAGE_STANDARD = gnu11;
				GCC_DYNAMIC_NO_PIC = NO;
				GCC_NO_COMMON_BLOCKS = YES;
				GCC_OPTIMIZATION_LEVEL = 0;
				GCC_PREPROCESSOR_DEFINITIONS = (
					"DEBUG=1",
					"$(inherited)",
				);
				GCC_WARN_64_TO_32_BIT_CONVERSION = YES;
				GCC_WARN_ABOUT_RETURN_TYPE = YES_ERROR;
				GCC_WARN_UNDECLARED_SELECTOR = YES;
				GCC_WARN_UNINITIALIZED_AUTOS = YES_AGGRESSIVE;
				GCC_WARN_UNUSED_FUNCTION = YES;
				GCC_WARN_UNUSED_VARIABLE = YES;
				IPHONEOS_DEPLOYMENT_TARGET = 11.4;
				MTL_ENABLE_DEBUG_INFO = YES;
				ONLY_ACTIVE_ARCH = YES;
				SDKROOT = iphoneos;
				SWIFT_ACTIVE_COMPILATION_CONDITIONS = DEBUG;
				SWIFT_OPTIMIZATION_LEVEL = "-Onone";
			};
			name = Debug;
		};
		BB0817A021315D8500551918 /* Release */ = {
			isa = XCBuildConfiguration;
			buildSettings = {
				ALWAYS_SEARCH_USER_PATHS = NO;
				CLANG_ANALYZER_LOCALIZABILITY_NONLOCALIZED = YES;
				CLANG_ANALYZER_NONNULL = YES;
				CLANG_ANALYZER_NUMBER_OBJECT_CONVERSION = YES_AGGRESSIVE;
				CLANG_CXX_LANGUAGE_STANDARD = "gnu++14";
				CLANG_CXX_LIBRARY = "libc++";
				CLANG_ENABLE_MODULES = YES;
				CLANG_ENABLE_OBJC_ARC = YES;
				CLANG_ENABLE_OBJC_WEAK = YES;
				CLANG_WARN_BLOCK_CAPTURE_AUTORELEASING = YES;
				CLANG_WARN_BOOL_CONVERSION = YES;
				CLANG_WARN_COMMA = YES;
				CLANG_WARN_CONSTANT_CONVERSION = YES;
				CLANG_WARN_DEPRECATED_OBJC_IMPLEMENTATIONS = YES;
				CLANG_WARN_DIRECT_OBJC_ISA_USAGE = YES_ERROR;
				CLANG_WARN_DOCUMENTATION_COMMENTS = YES;
				CLANG_WARN_EMPTY_BODY = YES;
				CLANG_WARN_ENUM_CONVERSION = YES;
				CLANG_WARN_INFINITE_RECURSION = YES;
				CLANG_WARN_INT_CONVERSION = YES;
				CLANG_WARN_NON_LITERAL_NULL_CONVERSION = YES;
				CLANG_WARN_OBJC_IMPLICIT_RETAIN_SELF = YES;
				CLANG_WARN_OBJC_LITERAL_CONVERSION = YES;
				CLANG_WARN_OBJC_ROOT_CLASS = YES_ERROR;
				CLANG_WARN_RANGE_LOOP_ANALYSIS = YES;
				CLANG_WARN_STRICT_PROTOTYPES = YES;
				CLANG_WARN_SUSPICIOUS_MOVE = YES;
				CLANG_WARN_UNGUARDED_AVAILABILITY = YES_AGGRESSIVE;
				CLANG_WARN_UNREACHABLE_CODE = YES;
				CLANG_WARN__DUPLICATE_METHOD_MATCH = YES;
				CODE_SIGN_IDENTITY = "iPhone Developer";
				COPY_PHASE_STRIP = NO;
				DEBUG_INFORMATION_FORMAT = "dwarf-with-dsym";
				ENABLE_NS_ASSERTIONS = NO;
				ENABLE_STRICT_OBJC_MSGSEND = YES;
				GCC_C_LANGUAGE_STANDARD = gnu11;
				GCC_NO_COMMON_BLOCKS = YES;
				GCC_WARN_64_TO_32_BIT_CONVERSION = YES;
				GCC_WARN_ABOUT_RETURN_TYPE = YES_ERROR;
				GCC_WARN_UNDECLARED_SELECTOR = YES;
				GCC_WARN_UNINITIALIZED_AUTOS = YES_AGGRESSIVE;
				GCC_WARN_UNUSED_FUNCTION = YES;
				GCC_WARN_UNUSED_VARIABLE = YES;
				IPHONEOS_DEPLOYMENT_TARGET = 11.4;
				MTL_ENABLE_DEBUG_INFO = NO;
				SDKROOT = iphoneos;
				SWIFT_COMPILATION_MODE = wholemodule;
				SWIFT_OPTIMIZATION_LEVEL = "-O";
				VALIDATE_PRODUCT = YES;
			};
			name = Release;
		};
		BB0817A221315D8500551918 /* Debug */ = {
			isa = XCBuildConfiguration;
			baseConfigurationReference = 82B686ACD6067415D0552927 /* Pods-GithubSearch.debug.xcconfig */;
			buildSettings = {
				ASSETCATALOG_COMPILER_APPICON_NAME = AppIcon;
				CODE_SIGN_STYLE = Automatic;
				INFOPLIST_FILE = GithubSearch/App/Info.plist;
				LD_RUNPATH_SEARCH_PATHS = (
					"$(inherited)",
					"@executable_path/Frameworks",
				);
				PRODUCT_BUNDLE_IDENTIFIER = TrainTask.GithubSearch;
				PRODUCT_NAME = "$(TARGET_NAME)";
				SWIFT_VERSION = 4.0;
				TARGETED_DEVICE_FAMILY = 1;
			};
			name = Debug;
		};
		BB0817A321315D8500551918 /* Release */ = {
			isa = XCBuildConfiguration;
			baseConfigurationReference = 7931B17B26AD2BCC8B46C9A7 /* Pods-GithubSearch.release.xcconfig */;
			buildSettings = {
				ASSETCATALOG_COMPILER_APPICON_NAME = AppIcon;
				CODE_SIGN_STYLE = Automatic;
				INFOPLIST_FILE = GithubSearch/App/Info.plist;
				LD_RUNPATH_SEARCH_PATHS = (
					"$(inherited)",
					"@executable_path/Frameworks",
				);
				PRODUCT_BUNDLE_IDENTIFIER = TrainTask.GithubSearch;
				PRODUCT_NAME = "$(TARGET_NAME)";
				SWIFT_VERSION = 4.0;
				TARGETED_DEVICE_FAMILY = 1;
			};
			name = Release;
		};
/* End XCBuildConfiguration section */

/* Begin XCConfigurationList section */
		BB08178A21315D8100551918 /* Build configuration list for PBXProject "GithubSearch" */ = {
			isa = XCConfigurationList;
			buildConfigurations = (
				BB08179F21315D8500551918 /* Debug */,
				BB0817A021315D8500551918 /* Release */,
			);
			defaultConfigurationIsVisible = 0;
			defaultConfigurationName = Release;
		};
		BB0817A121315D8500551918 /* Build configuration list for PBXNativeTarget "GithubSearch" */ = {
			isa = XCConfigurationList;
			buildConfigurations = (
				BB0817A221315D8500551918 /* Debug */,
				BB0817A321315D8500551918 /* Release */,
			);
			defaultConfigurationIsVisible = 0;
			defaultConfigurationName = Release;
		};
/* End XCConfigurationList section */
	};
	rootObject = BB08178721315D8100551918 /* Project object */;
}
